lockfileVersion: '9.0'

settings:
  autoInstallPeers: true
  excludeLinksFromLockfile: false

overrides:
  '@tempalace/core': link:../tempalace/packages/core

importers:

  .:
    dependencies:
      '@tempalace/core':
        specifier: link:../tempalace/packages/core
        version: link:../tempalace/packages/core
      yaml:
        specifier: ^2.9.1
        version: 2.9.1
      zod:
        specifier: ^4.6.4
        version: 4.6.4

packages:

  yaml@2.9.1:
    resolution: {integrity: sha512-3NxN8+78OdzbT7C/WjGsyfPAtJaN3FNDsWxv7Y7mcDsT/oOmgW8BpyQQFFBnvZE3j9Y2Sdz1ULFLezL7Eb2yFw==}
    engines: {node: '>= 14.6'}
    hasBin: true

  zod@4.6.4:
    resolution: {integrity: sha512-AXSD6hvGdvRjajG/l1cC+d6IrhH+sjmPKtYeQdJIK8MFJl3LyClzS+o/YsVC+zQZPupAaeH5skwwm8YqYH7BqA==}

snapshots:

  yaml@2.9.1: {}

  zod@4.6.4: {}
